
Microsoft Visual Studio Solution File, Format Version 12.00
# Visual Studio Version 17
VisualStudioVersion = 17.5.33516.290
MinimumVisualStudioVersion = 10.0.40219.1
Project("{8BC9CEB8-8B4A-11D0-8D11-00A0C91BC942}") = "LR2", "LR2.vcxproj", "{4846661C-16CF-455F-A94A-8EC5C9640906}"
EndProject
Global
	GlobalSection(SolutionConfigurationPlatforms) = preSolution
		Debug|x64 = Debug|x64
		Debug|x86 = Debug|x86
		Release|x64 = Release|x64
		Release|x86 = Release|x86
	EndGlobalSection
	GlobalSection(ProjectConfigurationPlatforms) = postSolution
		{4846661C-16CF-455F-A94A-8EC5C9640906}.Debug|x64.ActiveCfg = Debug|x64
		{4846661C-16CF-455F-A94A-8EC5C9640906}.Debug|x64.Build.0 = Debug|x64
		{4846661C-16CF-455F-A94A-8EC5C9640906}.Debug|x86.ActiveCfg = Debug|Win32
		{4846661C-16CF-455F-A94A-8EC5C9640906}.Debug|x86.Build.0 = Debug|Win32
		{4846661C-16CF-455F-A94A-8EC5C9640906}.Release|x64.ActiveCfg = Release|x64
		{4846661C-16CF-455F-A94A-8EC5C9640906}.Release|x64.Build.0 = Release|x64
		{4846661C-16CF-455F-A94A-8EC5C9640906}.Release|x86.ActiveCfg = Release|Win32
		{4846661C-16CF-455F-A94A-8EC5C9640906}.Release|x86.Build.0 = Release|Win32
	EndGlobalSection
	GlobalSection(SolutionProperties) = preSolution
		HideSolutionNode = FALSE
	EndGlobalSection
	GlobalSection(ExtensibilityGlobals) = postSolution
		SolutionGuid = {A0AE74DD-11C0-4120-ACAC-4F8360166789}
	EndGlobalSection
EndGlobal
